// !$*UTF8*$!
{
	archiveVersion = 1;
	classes = {
	};
	objectVersion = 50;
	objects = {

/* Begin PBXBuildFile section */
		0474CA0924B86E6200AC98CD /* MaskViewController.m in Sources */ = {isa = PBXBuildFile; fileRef = 0474CA0824B86E6200AC98CD /* MaskViewController.m */; };
		04D9767D24B8494B0023724F /* AppDelegate.m in Sources */ = {isa = PBXBuildFile; fileRef = 04D9767C24B8494B0023724F /* AppDelegate.m */; };
		04D9768324B8494B0023724F /* RootVc.m in Sources */ = {isa = PBXBuildFile; fileRef = 04D9768224B8494B0023724F /* RootVc.m */; };
		04D9768824B8494D0023724F /* Assets.xcassets in Resources */ = {isa = PBXBuildFile; fileRef = 04D9768724B8494D0023724F /* Assets.xcassets */; };
		04D9768B24B8494E0023724F /* LaunchScreen.storyboard in Resources */ = {isa = PBXBuildFile; fileRef = 04D9768924B8494E0023724F /* LaunchScreen.storyboard */; };
		04D9768E24B8494E0023724F /* main.m in Sources */ = {isa = PBXBuildFile; fileRef = 04D9768D24B8494E0023724F /* main.m */; };
		C2AA1B141CF5F234AC6AAD70 /* Pods_Learn.framework in Frameworks */ = {isa = PBXBuildFile; fileRef = 5562DAF4EFE1306B3A979156 /* Pods_Learn.framework */; };
		CDE20CBB251A4074009F6737 /* SingSound.Bundle in Resources */ = {isa = PBXBuildFile; fileRef = CDE20CB8251A4074009F6737 /* SingSound.Bundle */; };
		CDE20CBC251A4074009F6737 /* SingSound.framework in Frameworks */ = {isa = PBXBuildFile; fileRef = CDE20CB9251A4074009F6737 /* SingSound.framework */; };
		CDE20CBD251A4074009F6737 /* libssound.a in Frameworks */ = {isa = PBXBuildFile; fileRef = CDE20CBA251A4074009F6737 /* libssound.a */; };
		CDE20CC3251A434D009F6737 /* SingSoundVC.m in Sources */ = {isa = PBXBuildFile; fileRef = CDE20CC1251A434D009F6737 /* SingSoundVC.m */; };
		CDE20CC4251A434D009F6737 /* SingSoundVC.xib in Resources */ = {isa = PBXBuildFile; fileRef = CDE20CC2251A434D009F6737 /* SingSoundVC.xib */; };
/* End PBXBuildFile section */

/* Begin PBXFileReference section */
		0474CA0724B86E6200AC98CD /* MaskViewController.h */ = {isa = PBXFileReference; lastKnownFileType = sourcecode.c.h; path = MaskViewController.h; sourceTree = "<group>"; };
		0474CA0824B86E6200AC98CD /* MaskViewController.m */ = {isa = PBXFileReference; lastKnownFileType = sourcecode.c.objc; path = MaskViewController.m; sourceTree = "<group>"; };
		04D9767824B8494B0023724F /* Learn.app */ = {isa = PBXFileReference; explicitFileType = wrapper.application; includeInIndex = 0; path = Learn.app; sourceTree = BUILT_PRODUCTS_DIR; };
		04D9767B24B8494B0023724F /* AppDelegate.h */ = {isa = PBXFileReference; lastKnownFileType = sourcecode.c.h; path = AppDelegate.h; sourceTree = "<group>"; };
		04D9767C24B8494B0023724F /* AppDelegate.m */ = {isa = PBXFileReference; lastKnownFileType = sourcecode.c.objc; path = AppDelegate.m; sourceTree = "<group>"; };
		04D9768124B8494B0023724F /* RootVc.h */ = {isa = PBXFileReference; lastKnownFileType = sourcecode.c.h; path = RootVc.h; sourceTree = "<group>"; };
		04D9768224B8494B0023724F /* RootVc.m */ = {isa = PBXFileReference; lastKnownFileType = sourcecode.c.objc; path = RootVc.m; sourceTree = "<group>"; };
		04D9768724B8494D0023724F /* Assets.xcassets */ = {isa = PBXFileReference; lastKnownFileType = folder.assetcatalog; path = Assets.xcassets; sourceTree = "<group>"; };
		04D9768A24B8494E0023724F /* Base */ = {isa = PBXFileReference; lastKnownFileType = file.storyboard; name = Base; path = Base.lproj/LaunchScreen.storyboard; sourceTree = "<group>"; };
		04D9768C24B8494E0023724F /* Info.plist */ = {isa = PBXFileReference; lastKnownFileType = text.plist.xml; path = Info.plist; sourceTree = "<group>"; };
		04D9768D24B8494E0023724F /* main.m */ = {isa = PBXFileReference; lastKnownFileType = sourcecode.c.objc; path = main.m; sourceTree = "<group>"; };
		5562DAF4EFE1306B3A979156 /* Pods_Learn.framework */ = {isa = PBXFileReference; explicitFileType = wrapper.framework; includeInIndex = 0; path = Pods_Learn.framework; sourceTree = BUILT_PRODUCTS_DIR; };
		A4D092C15DF0858FF6A9BDF7 /* Pods-Learn.release.xcconfig */ = {isa = PBXFileReference; includeInIndex = 1; lastKnownFileType = text.xcconfig; name = "Pods-Learn.release.xcconfig"; path = "Target Support Files/Pods-Learn/Pods-Learn.release.xcconfig"; sourceTree = "<group>"; };
		CDE20CB8251A4074009F6737 /* SingSound.Bundle */ = {isa = PBXFileReference; lastKnownFileType = "wrapper.plug-in"; path = SingSound.Bundle; sourceTree = "<group>"; };
		CDE20CB9251A4074009F6737 /* SingSound.framework */ = {isa = PBXFileReference; lastKnownFileType = wrapper.framework; path = SingSound.framework; sourceTree = "<group>"; };
		CDE20CBA251A4074009F6737 /* libssound.a */ = {isa = PBXFileReference; lastKnownFileType = archive.ar; path = libssound.a; sourceTree = "<group>"; };
		CDE20CC0251A434D009F6737 /* SingSoundVC.h */ = {isa = PBXFileReference; lastKnownFileType = sourcecode.c.h; path = SingSoundVC.h; sourceTree = "<group>"; };
		CDE20CC1251A434D009F6737 /* SingSoundVC.m */ = {isa = PBXFileReference; lastKnownFileType = sourcecode.c.objc; path = SingSoundVC.m; sourceTree = "<group>"; };
		CDE20CC2251A434D009F6737 /* SingSoundVC.xib */ = {isa = PBXFileReference; lastKnownFileType = file.xib; path = SingSoundVC.xib; sourceTree = "<group>"; };
		F942E0D54983FEE859D12D99 /* Pods-Learn.debug.xcconfig */ = {isa = PBXFileReference; includeInIndex = 1; lastKnownFileType = text.xcconfig; name = "Pods-Learn.debug.xcconfig"; path = "Target Support Files/Pods-Learn/Pods-Learn.debug.xcconfig"; sourceTree = "<group>"; };
/* End PBXFileReference section */

/* Begin PBXFrameworksBuildPhase section */
		04D9767524B8494B0023724F /* Frameworks */ = {
			isa = PBXFrameworksBuildPhase;
			buildActionMask = 2147483647;
			files = (
				CDE20CBD251A4074009F6737 /* libssound.a in Frameworks */,
				C2AA1B141CF5F234AC6AAD70 /* Pods_Learn.framework in Frameworks */,
				CDE20CBC251A4074009F6737 /* SingSound.framework in Frameworks */,
			);
			runOnlyForDeploymentPostprocessing = 0;
		};
/* End PBXFrameworksBuildPhase section */

/* Begin PBXGroup section */
		0050B68B0AD1AD6BD014F068 /* Pods */ = {
			isa = PBXGroup;
			children = (
				F942E0D54983FEE859D12D99 /* Pods-Learn.debug.xcconfig */,
				A4D092C15DF0858FF6A9BDF7 /* Pods-Learn.release.xcconfig */,
			);
			path = Pods;
			sourceTree = "<group>";
		};
		04D9766F24B8494B0023724F = {
			isa = PBXGroup;
			children = (
				04D9767A24B8494B0023724F /* Learn */,
				04D9767924B8494B0023724F /* Products */,
				0050B68B0AD1AD6BD014F068 /* Pods */,
				E42402D24A0A2A99EFB328DC /* Frameworks */,
			);
			sourceTree = "<group>";
		};
		04D9767924B8494B0023724F /* Products */ = {
			isa = PBXGroup;
			children = (
				04D9767824B8494B0023724F /* Learn.app */,
			);
			name = Products;
			sourceTree = "<group>";
		};
		04D9767A24B8494B0023724F /* Learn */ = {
			isa = PBXGroup;
			children = (
				CDE20CB3251A3A6B009F6737 /* Lib */,
				04D9767B24B8494B0023724F /* AppDelegate.h */,
				04D9767C24B8494B0023724F /* AppDelegate.m */,
				04D9768124B8494B0023724F /* RootVc.h */,
				04D9768224B8494B0023724F /* RootVc.m */,
				0474CA0724B86E6200AC98CD /* MaskViewController.h */,
				CDE20CC0251A434D009F6737 /* SingSoundVC.h */,
				CDE20CC1251A434D009F6737 /* SingSoundVC.m */,
				CDE20CC2251A434D009F6737 /* SingSoundVC.xib */,
				0474CA0824B86E6200AC98CD /* MaskViewController.m */,
				04D9768724B8494D0023724F /* Assets.xcassets */,
				04D9768924B8494E0023724F /* LaunchScreen.storyboard */,
				04D9768C24B8494E0023724F /* Info.plist */,
				04D9768D24B8494E0023724F /* main.m */,
			);
			path = Learn;
			sourceTree = "<group>";
		};
		CDE20CB3251A3A6B009F6737 /* Lib */ = {
			isa = PBXGroup;
			children = (
				CDE20CB7251A4074009F6737 /* SingsoundSDK */,
			);
			path = Lib;
			sourceTree = "<group>";
		};
		CDE20CB7251A4074009F6737 /* SingsoundSDK */ = {
			isa = PBXGroup;
			children = (
				CDE20CB8251A4074009F6737 /* SingSound.Bundle */,
				CDE20CB9251A4074009F6737 /* SingSound.framework */,
				CDE20CBA251A4074009F6737 /* libssound.a */,
			);
			path = SingsoundSDK;
			sourceTree = "<group>";
		};
		E42402D24A0A2A99EFB328DC /* Frameworks */ = {
			isa = PBXGroup;
			children = (
				5562DAF4EFE1306B3A979156 /* Pods_Learn.framework */,
			);
			name = Frameworks;
			sourceTree = "<group>";
		};
/* End PBXGroup section */

/* Begin PBXNativeTarget section */
		04D9767724B8494B0023724F /* Learn */ = {
			isa = PBXNativeTarget;
			buildConfigurationList = 04D9769124B8494E0023724F /* Build configuration list for PBXNativeTarget "Learn" */;
			buildPhases = (
				4793145DFC3B36EF447B99B3 /* [CP] Check Pods Manifest.lock */,
				04D9767424B8494B0023724F /* Sources */,
				04D9767524B8494B0023724F /* Frameworks */,
				04D9767624B8494B0023724F /* Resources */,
			);
			buildRules = (
			);
			dependencies = (
			);
			name = Learn;
			productName = Learn;
			productReference = 04D9767824B8494B0023724F /* Learn.app */;
			productType = "com.apple.product-type.application";
		};
/* End PBXNativeTarget section */

/* Begin PBXProject section */
		04D9767024B8494B0023724F /* Project object */ = {
			isa = PBXProject;
			attributes = {
				LastUpgradeCheck = 1130;
				ORGANIZATIONNAME = mac;
				TargetAttributes = {
					04D9767724B8494B0023724F = {
						CreatedOnToolsVersion = 11.3.1;
					};
				};
			};
			buildConfigurationList = 04D9767324B8494B0023724F /* Build configuration list for PBXProject "Learn" */;
			compatibilityVersion = "Xcode 9.3";
			developmentRegion = en;
			hasScannedForEncodings = 0;
			knownRegions = (
				en,
				Base,
			);
			mainGroup = 04D9766F24B8494B0023724F;
			productRefGroup = 04D9767924B8494B0023724F /* Products */;
			projectDirPath = "";
			projectRoot = "";
			targets = (
				04D9767724B8494B0023724F /* Learn */,
			);
		};
/* End PBXProject section */

/* Begin PBXResourcesBuildPhase section */
		04D9767624B8494B0023724F /* Resources */ = {
			isa = PBXResourcesBuildPhase;
			buildActionMask = 2147483647;
			files = (
				04D9768B24B8494E0023724F /* LaunchScreen.storyboard in Resources */,
				CDE20CBB251A4074009F6737 /* SingSound.Bundle in Resources */,
				04D9768824B8494D0023724F /* Assets.xcassets in Resources */,
				CDE20CC4251A434D009F6737 /* SingSoundVC.xib in Resources */,
			);
			runOnlyForDeploymentPostprocessing = 0;
		};
/* End PBXResourcesBuildPhase section */

/* Begin PBXShellScriptBuildPhase section */
		4793145DFC3B36EF447B99B3 /* [CP] Check Pods Manifest.lock */ = {
			isa = PBXShellScriptBuildPhase;
			buildActionMask = 2147483647;
			files = (
			);
			inputFileListPaths = (
			);
			inputPaths = (
				"${PODS_PODFILE_DIR_PATH}/Podfile.lock",
				"${PODS_ROOT}/Manifest.lock",
			);
			name = "[CP] Check Pods Manifest.lock";
			outputFileListPaths = (
			);
			outputPaths = (
				"$(DERIVED_FILE_DIR)/Pods-Learn-checkManifestLockResult.txt",
			);
			runOnlyForDeploymentPostprocessing = 0;
			shellPath = /bin/sh;
			shellScript = "diff \"${PODS_PODFILE_DIR_PATH}/Podfile.lock\" \"${PODS_ROOT}/Manifest.lock\" > /dev/null\nif [ $? != 0 ] ; then\n    # print error to STDERR\n    echo \"error: The sandbox is not in sync with the Podfile.lock. Run 'pod install' or update your CocoaPods installation.\" >&2\n    exit 1\nfi\n# This output is used by Xcode 'outputs' to avoid re-running this script phase.\necho \"SUCCESS\" > \"${SCRIPT_OUTPUT_FILE_0}\"\n";
			showEnvVarsInLog = 0;
		};
/* End PBXShellScriptBuildPhase section */

/* Begin PBXSourcesBuildPhase section */
		04D9767424B8494B0023724F /* Sources */ = {
			isa = PBXSourcesBuildPhase;
			buildActionMask = 2147483647;
			files = (
				CDE20CC3251A434D009F6737 /* SingSoundVC.m in Sources */,
				0474CA0924B86E6200AC98CD /* MaskViewController.m in Sources */,
				04D9768324B8494B0023724F /* RootVc.m in Sources */,
				04D9767D24B8494B0023724F /* AppDelegate.m in Sources */,
				04D9768E24B8494E0023724F /* main.m in Sources */,
			);
			runOnlyForDeploymentPostprocessing = 0;
		};
/* End PBXSourcesBuildPhase section */

/* Begin PBXVariantGroup section */
		04D9768924B8494E0023724F /* LaunchScreen.storyboard */ = {
			isa = PBXVariantGroup;
			children = (
				04D9768A24B8494E0023724F /* Base */,
			);
			name = LaunchScreen.storyboard;
			sourceTree = "<group>";
		};
/* End PBXVariantGroup section */

/* Begin XCBuildConfiguration section */
		04D9768F24B8494E0023724F /* Debug */ = {
			isa = XCBuildConfiguration;
			buildSettings = {
				ALWAYS_SEARCH_USER_PATHS = NO;
				CLANG_ANALYZER_NONNULL = YES;
				CLANG_ANALYZER_NUMBER_OBJECT_CONVERSION = YES_AGGRESSIVE;
				CLANG_CXX_LANGUAGE_STANDARD = "gnu++14";
				CLANG_CXX_LIBRARY = "libc++";
				CLANG_ENABLE_MODULES = YES;
				CLANG_ENABLE_OBJC_ARC = YES;
				CLANG_ENABLE_OBJC_WEAK = YES;
				CLANG_WARN_BLOCK_CAPTURE_AUTORELEASING = YES;
				CLANG_WARN_BOOL_CONVERSION = YES;
				CLANG_WARN_COMMA = YES;
				CLANG_WARN_CONSTANT_CONVERSION = YES;
				CLANG_WARN_DEPRECATED_OBJC_IMPLEMENTATIONS = YES;
				CLANG_WARN_DIRECT_OBJC_ISA_USAGE = YES_ERROR;
				CLANG_WARN_DOCUMENTATION_COMMENTS = YES;
				CLANG_WARN_EMPTY_BODY = YES;
				CLANG_WARN_ENUM_CONVERSION = YES;
				CLANG_WARN_INFINITE_RECURSION = YES;
				CLANG_WARN_INT_CONVERSION = YES;
				CLANG_WARN_NON_LITERAL_NULL_CONVERSION = YES;
				CLANG_WARN_OBJC_IMPLICIT_RETAIN_SELF = YES;
				CLANG_WARN_OBJC_LITERAL_CONVERSION = YES;
				CLANG_WARN_OBJC_ROOT_CLASS = YES_ERROR;
				CLANG_WARN_RANGE_LOOP_ANALYSIS = YES;
				CLANG_WARN_STRICT_PROTOTYPES = YES;
				CLANG_WARN_SUSPICIOUS_MOVE = YES;
				CLANG_WARN_UNGUARDED_AVAILABILITY = YES_AGGRESSIVE;
				CLANG_WARN_UNREACHABLE_CODE = YES;
				CLANG_WARN__DUPLICATE_METHOD_MATCH = YES;
				COPY_PHASE_STRIP = NO;
				DEBUG_INFORMATION_FORMAT = dwarf;
				ENABLE_STRICT_OBJC_MSGSEND = YES;
				ENABLE_TESTABILITY = YES;
				GCC_C_LANGUAGE_STANDARD = gnu11;
				GCC_DYNAMIC_NO_PIC = NO;
				GCC_NO_COMMON_BLOCKS = YES;
				GCC_OPTIMIZATION_LEVEL = 0;
				GCC_PREPROCESSOR_DEFINITIONS = (
					"DEBUG=1",
					"$(inherited)",
				);
				GCC_WARN_64_TO_32_BIT_CONVERSION = YES;
				GCC_WARN_ABOUT_RETURN_TYPE = YES_ERROR;
				GCC_WARN_UNDECLARED_SELECTOR = YES;
				GCC_WARN_UNINITIALIZED_AUTOS = YES_AGGRESSIVE;
				GCC_WARN_UNUSED_FUNCTION = YES;
				GCC_WARN_UNUSED_VARIABLE = YES;
				IPHONEOS_DEPLOYMENT_TARGET = 13.2;
				MTL_ENABLE_DEBUG_INFO = INCLUDE_SOURCE;
				MTL_FAST_MATH = YES;
				ONLY_ACTIVE_ARCH = YES;
				SDKROOT = iphoneos;
			};
			name = Debug;
		};
		04D9769024B8494E0023724F /* Release */ = {
			isa = XCBuildConfiguration;
			buildSettings = {
				ALWAYS_SEARCH_USER_PATHS = NO;
				CLANG_ANALYZER_NONNULL = YES;
				CLANG_ANALYZER_NUMBER_OBJECT_CONVERSION = YES_AGGRESSIVE;
				CLANG_CXX_LANGUAGE_STANDARD = "gnu++14";
				CLANG_CXX_LIBRARY = "libc++";
				CLANG_ENABLE_MODULES = YES;
				CLANG_ENABLE_OBJC_ARC = YES;
				CLANG_ENABLE_OBJC_WEAK = YES;
				CLANG_WARN_BLOCK_CAPTURE_AUTORELEASING = YES;
				CLANG_WARN_BOOL_CONVERSION = YES;
				CLANG_WARN_COMMA = YES;
				CLANG_WARN_CONSTANT_CONVERSION = YES;
				CLANG_WARN_DEPRECATED_OBJC_IMPLEMENTATIONS = YES;
				CLANG_WARN_DIRECT_OBJC_ISA_USAGE = YES_ERROR;
				CLANG_WARN_DOCUMENTATION_COMMENTS = YES;
				CLANG_WARN_EMPTY_BODY = YES;
				CLANG_WARN_ENUM_CONVERSION = YES;
				CLANG_WARN_INFINITE_RECURSION = YES;
				CLANG_WARN_INT_CONVERSION = YES;
				CLANG_WARN_NON_LITERAL_NULL_CONVERSION = YES;
				CLANG_WARN_OBJC_IMPLICIT_RETAIN_SELF = YES;
				CLANG_WARN_OBJC_LITERAL_CONVERSION = YES;
				CLANG_WARN_OBJC_ROOT_CLASS = YES_ERROR;
				CLANG_WARN_RANGE_LOOP_ANALYSIS = YES;
				CLANG_WARN_STRICT_PROTOTYPES = YES;
				CLANG_WARN_SUSPICIOUS_MOVE = YES;
				CLANG_WARN_UNGUARDED_AVAILABILITY = YES_AGGRESSIVE;
				CLANG_WARN_UNREACHABLE_CODE = YES;
				CLANG_WARN__DUPLICATE_METHOD_MATCH = YES;
				COPY_PHASE_STRIP = NO;
				DEBUG_INFORMATION_FORMAT = "dwarf-with-dsym";
				ENABLE_NS_ASSERTIONS = NO;
				ENABLE_STRICT_OBJC_MSGSEND = YES;
				GCC_C_LANGUAGE_STANDARD = gnu11;
				GCC_NO_COMMON_BLOCKS = YES;
				GCC_WARN_64_TO_32_BIT_CONVERSION = YES;
				GCC_WARN_ABOUT_RETURN_TYPE = YES_ERROR;
				GCC_WARN_UNDECLARED_SELECTOR = YES;
				GCC_WARN_UNINITIALIZED_AUTOS = YES_AGGRESSIVE;
				GCC_WARN_UNUSED_FUNCTION = YES;
				GCC_WARN_UNUSED_VARIABLE = YES;
				IPHONEOS_DEPLOYMENT_TARGET = 13.2;
				MTL_ENABLE_DEBUG_INFO = NO;
				MTL_FAST_MATH = YES;
				SDKROOT = iphoneos;
				VALIDATE_PRODUCT = YES;
			};
			name = Release;
		};
		04D9769224B8494E0023724F /* Debug */ = {
			isa = XCBuildConfiguration;
			baseConfigurationReference = F942E0D54983FEE859D12D99 /* Pods-Learn.debug.xcconfig */;
			buildSettings = {
				ASSETCATALOG_COMPILER_APPICON_NAME = AppIcon;
				CODE_SIGN_STYLE = Automatic;
				DEVELOPMENT_TEAM = KQTW63ED2G;
				FRAMEWORK_SEARCH_PATHS = (
					"$(inherited)",
					"$(PROJECT_DIR)/Learn/Lib/SingsoundSDK",
				);
				INFOPLIST_FILE = Learn/Info.plist;
				IPHONEOS_DEPLOYMENT_TARGET = 9.0;
				LD_RUNPATH_SEARCH_PATHS = (
					"$(inherited)",
					"@executable_path/Frameworks",
				);
				LIBRARY_SEARCH_PATHS = (
					"$(inherited)",
					"$(PROJECT_DIR)/Learn/Lib/SingsoundSDK",
				);
				PRODUCT_BUNDLE_IDENTIFIER = com.kevinxu.www.Learn;
				PRODUCT_NAME = "$(TARGET_NAME)";
				TARGETED_DEVICE_FAMILY = "1,2";
			};
			name = Debug;
		};
		04D9769324B8494E0023724F /* Release */ = {
			isa = XCBuildConfiguration;
			baseConfigurationReference = A4D092C15DF0858FF6A9BDF7 /* Pods-Learn.release.xcconfig */;
			buildSettings = {
				ASSETCATALOG_COMPILER_APPICON_NAME = AppIcon;
				CODE_SIGN_STYLE = Automatic;
				DEVELOPMENT_TEAM = KQTW63ED2G;
				FRAMEWORK_SEARCH_PATHS = (
					"$(inherited)",
					"$(PROJECT_DIR)/Learn/Lib/SingsoundSDK",
				);
				INFOPLIST_FILE = Learn/Info.plist;
				IPHONEOS_DEPLOYMENT_TARGET = 9.0;
				LD_RUNPATH_SEARCH_PATHS = (
					"$(inherited)",
					"@executable_path/Frameworks",
				);
				LIBRARY_SEARCH_PATHS = (
					"$(inherited)",
					"$(PROJECT_DIR)/Learn/Lib/SingsoundSDK",
				);
				PRODUCT_BUNDLE_IDENTIFIER = com.kevinxu.www.Learn;
				PRODUCT_NAME = "$(TARGET_NAME)";
				TARGETED_DEVICE_FAMILY = "1,2";
			};
			name = Release;
		};
/* End XCBuildConfiguration section */

/* Begin XCConfigurationList section */
		04D9767324B8494B0023724F /* Build configuration list for PBXProject "Learn" */ = {
			isa = XCConfigurationList;
			buildConfigurations = (
				04D9768F24B8494E0023724F /* Debug */,
				04D9769024B8494E0023724F /* Release */,
			);
			defaultConfigurationIsVisible = 0;
			defaultConfigurationName = Release;
		};
		04D9769124B8494E0023724F /* Build configuration list for PBXNativeTarget "Learn" */ = {
			isa = XCConfigurationList;
			buildConfigurations = (
				04D9769224B8494E0023724F /* Debug */,
				04D9769324B8494E0023724F /* Release */,
			);
			defaultConfigurationIsVisible = 0;
			defaultConfigurationName = Release;
		};
/* End XCConfigurationList section */
	};
	rootObject = 04D9767024B8494B0023724F /* Project object */;
}
